
Microsoft Visual Studio Solution File, Format Version 12.00
# Visual Studio Version 17
VisualStudioVersion = 17.7.34031.279
MinimumVisualStudioVersion = 10.0.40219.1
Project("{FAE04EC0-301F-11D3-BF4B-00C04F79EFBC}") = "solodkaya_lab_2.2", "solodkaya_lab_2.2\solodkaya_lab_2.2.csproj", "{2505FF98-9D1B-4D3D-B630-3C1892FCAFEC}"
EndProject
Global
	GlobalSection(SolutionConfigurationPlatforms) = preSolution
		Debug|Any CPU = Debug|Any CPU
		Release|Any CPU = Release|Any CPU
	EndGlobalSection
	GlobalSection(ProjectConfigurationPlatforms) = postSolution
		{2505FF98-9D1B-4D3D-B630-3C1892FCAFEC}.Debug|Any CPU.ActiveCfg = Debug|Any CPU
		{2505FF98-9D1B-4D3D-B630-3C1892FCAFEC}.Debug|Any CPU.Build.0 = Debug|Any CPU
		{2505FF98-9D1B-4D3D-B630-3C1892FCAFEC}.Release|Any CPU.ActiveCfg = Release|Any CPU
		{2505FF98-9D1B-4D3D-B630-3C1892FCAFEC}.Release|Any CPU.Build.0 = Release|Any CPU
	EndGlobalSection
	GlobalSection(SolutionProperties) = preSolution
		HideSolutionNode = FALSE
	EndGlobalSection
	GlobalSection(ExtensibilityGlobals) = postSolution
		SolutionGuid = {C51C5A03-E131-4684-A876-FEDC88F7EA4B}
	EndGlobalSection
EndGlobal
